
Microsoft Visual Studio Solution File, Format Version 12.00
# Visual Studio Version 17
VisualStudioVersion = 17.0.31903.59
MinimumVisualStudioVersion = 10.0.40219.1
Project("{2150E333-8FDC-42A3-9474-1A3956D46DE8}") = "src", "src", "{92E40CFB-F96C-4B6E-A3AD-C6B835BDB4B7}"
EndProject
Project("{FAE04EC0-301F-11D3-BF4B-00C04F79EFBC}") = "DevIO.NerdStore.Carrinho.API", "src\DevIO.NerdStore.Carrinho.API\DevIO.NerdStore.Carrinho.API.csproj", "{FBE62451-14BF-43E7-A00F-EFE4FBF68D8A}"
EndProject
Global
	GlobalSection(SolutionConfigurationPlatforms) = preSolution
		Debug|Any CPU = Debug|Any CPU
		Release|Any CPU = Release|Any CPU
	EndGlobalSection
	GlobalSection(ProjectConfigurationPlatforms) = postSolution
		{FBE62451-14BF-43E7-A00F-EFE4FBF68D8A}.Debug|Any CPU.ActiveCfg = Debug|Any CPU
		{FBE62451-14BF-43E7-A00F-EFE4FBF68D8A}.Debug|Any CPU.Build.0 = Debug|Any CPU
		{FBE62451-14BF-43E7-A00F-EFE4FBF68D8A}.Release|Any CPU.ActiveCfg = Release|Any CPU
		{FBE62451-14BF-43E7-A00F-EFE4FBF68D8A}.Release|Any CPU.Build.0 = Release|Any CPU
	EndGlobalSection
	GlobalSection(SolutionProperties) = preSolution
		HideSolutionNode = FALSE
	EndGlobalSection
	GlobalSection(NestedProjects) = preSolution
		{FBE62451-14BF-43E7-A00F-EFE4FBF68D8A} = {92E40CFB-F96C-4B6E-A3AD-C6B835BDB4B7}
	EndGlobalSection
EndGlobal
